
Microsoft Visual Studio Solution File, Format Version 12.00
# Visual Studio Version 17
VisualStudioVersion = 17.9.34728.123
MinimumVisualStudioVersion = 10.0.40219.1
Project("{FAE04EC0-301F-11D3-BF4B-00C04F79EFBC}") = "CRUD_AA", "CRUD_AA.csproj", "{877145FF-AB15-4E7B-9497-2A083EDDFF2D}"
EndProject
Project("{FAE04EC0-301F-11D3-BF4B-00C04F79EFBC}") = "CRUDDAL", "..\CRUDDAL\CRUDDAL.csproj", "{B6D4B71E-8E74-445B-B39E-8372B481C1EC}"
EndProject
Project("{FAE04EC0-301F-11D3-BF4B-00C04F79EFBC}") = "CRUDBOL", "..\CRUDBOL\CRUDBOL.csproj", "{CF29EE3B-E843-4976-87A9-E3159F1B9A44}"
EndProject
Project("{FAE04EC0-301F-11D3-BF4B-00C04F79EFBC}") = "CRUDBL", "..\CRUDBL\CRUDBL.csproj", "{F730F602-6565-415F-A23B-E5FB30E81CB4}"
EndProject
Global
	GlobalSection(SolutionConfigurationPlatforms) = preSolution
		Debug|Any CPU = Debug|Any CPU
		Release|Any CPU = Release|Any CPU
	EndGlobalSection
	GlobalSection(ProjectConfigurationPlatforms) = postSolution
		{877145FF-AB15-4E7B-9497-2A083EDDFF2D}.Debug|Any CPU.ActiveCfg = Debug|Any CPU
		{877145FF-AB15-4E7B-9497-2A083EDDFF2D}.Debug|Any CPU.Build.0 = Debug|Any CPU
		{877145FF-AB15-4E7B-9497-2A083EDDFF2D}.Release|Any CPU.ActiveCfg = Release|Any CPU
		{877145FF-AB15-4E7B-9497-2A083EDDFF2D}.Release|Any CPU.Build.0 = Release|Any CPU
		{B6D4B71E-8E74-445B-B39E-8372B481C1EC}.Debug|Any CPU.ActiveCfg = Debug|Any CPU
		{B6D4B71E-8E74-445B-B39E-8372B481C1EC}.Debug|Any CPU.Build.0 = Debug|Any CPU
		{B6D4B71E-8E74-445B-B39E-8372B481C1EC}.Release|Any CPU.ActiveCfg = Release|Any CPU
		{B6D4B71E-8E74-445B-B39E-8372B481C1EC}.Release|Any CPU.Build.0 = Release|Any CPU
		{CF29EE3B-E843-4976-87A9-E3159F1B9A44}.Debug|Any CPU.ActiveCfg = Debug|Any CPU
		{CF29EE3B-E843-4976-87A9-E3159F1B9A44}.Debug|Any CPU.Build.0 = Debug|Any CPU
		{CF29EE3B-E843-4976-87A9-E3159F1B9A44}.Release|Any CPU.ActiveCfg = Release|Any CPU
		{CF29EE3B-E843-4976-87A9-E3159F1B9A44}.Release|Any CPU.Build.0 = Release|Any CPU
		{F730F602-6565-415F-A23B-E5FB30E81CB4}.Debug|Any CPU.ActiveCfg = Debug|Any CPU
		{F730F602-6565-415F-A23B-E5FB30E81CB4}.Debug|Any CPU.Build.0 = Debug|Any CPU
		{F730F602-6565-415F-A23B-E5FB30E81CB4}.Release|Any CPU.ActiveCfg = Release|Any CPU
		{F730F602-6565-415F-A23B-E5FB30E81CB4}.Release|Any CPU.Build.0 = Release|Any CPU
	EndGlobalSection
	GlobalSection(SolutionProperties) = preSolution
		HideSolutionNode = FALSE
	EndGlobalSection
	GlobalSection(ExtensibilityGlobals) = postSolution
		SolutionGuid = {03179374-4363-4B86-8F52-F657FEBDEA30}
	EndGlobalSection
EndGlobal
